
Microsoft Visual Studio Solution File, Format Version 12.00
# Visual Studio Version 16
VisualStudioVersion = 16.0.30711.63
MinimumVisualStudioVersion = 10.0.40219.1
Project("{FAE04EC0-301F-11D3-BF4B-00C04F79EFBC}") = "MyDictionary", "MyDictionary.csproj", "{32B5B770-AF1E-4F86-B866-00E830176D36}"
EndProject
Global
	GlobalSection(SolutionConfigurationPlatforms) = preSolution
		Debug|Any CPU = Debug|Any CPU
		Release|Any CPU = Release|Any CPU
	EndGlobalSection
	GlobalSection(ProjectConfigurationPlatforms) = postSolution
		{32B5B770-AF1E-4F86-B866-00E830176D36}.Debug|Any CPU.ActiveCfg = Debug|Any CPU
		{32B5B770-AF1E-4F86-B866-00E830176D36}.Debug|Any CPU.Build.0 = Debug|Any CPU
		{32B5B770-AF1E-4F86-B866-00E830176D36}.Release|Any CPU.ActiveCfg = Release|Any CPU
		{32B5B770-AF1E-4F86-B866-00E830176D36}.Release|Any CPU.Build.0 = Release|Any CPU
	EndGlobalSection
	GlobalSection(SolutionProperties) = preSolution
		HideSolutionNode = FALSE
	EndGlobalSection
	GlobalSection(ExtensibilityGlobals) = postSolution
		SolutionGuid = {C7F8BBA2-458E-4C1F-B19D-F718A8C9DD26}
	EndGlobalSection
EndGlobal
